
Microsoft Visual Studio Solution File, Format Version 12.00
Project("{FAE04EC0-301F-11D3-BF4B-00C04F79EFBC}") = "DNS-server", "DNS-server.csproj", "{55E4EFCF-89F6-4EE2-9DB8-EA6ABFA1589E}"
EndProject
Global
	GlobalSection(SolutionConfigurationPlatforms) = preSolution
		Debug|Any CPU = Debug|Any CPU
		Release|Any CPU = Release|Any CPU
	EndGlobalSection
	GlobalSection(ProjectConfigurationPlatforms) = postSolution
		{55E4EFCF-89F6-4EE2-9DB8-EA6ABFA1589E}.Debug|Any CPU.ActiveCfg = Debug|Any CPU
		{55E4EFCF-89F6-4EE2-9DB8-EA6ABFA1589E}.Debug|Any CPU.Build.0 = Debug|Any CPU
		{55E4EFCF-89F6-4EE2-9DB8-EA6ABFA1589E}.Release|Any CPU.ActiveCfg = Release|Any CPU
		{55E4EFCF-89F6-4EE2-9DB8-EA6ABFA1589E}.Release|Any CPU.Build.0 = Release|Any CPU
	EndGlobalSection
EndGlobal
